github.com/rafelck/go-hello v1.0.0 h1:gBiRVD88psgMD0/7+NZW91ZKCDw9RGNRDoALSRc7hnQ=
github.com/rafelck/go-hello v1.0.0/go.mod h1:bq0XDisko2Q1x00cuy0vriyr9ojJcyg5qzr9CS17SF0=
github.com/rafelck/go-hello v1.0.2 h1:XO7oMT5cNcQ0Vp4KqzEA1+Zmxx0JhmsjbcJw0YCmIvI=
github.com/rafelck/go-hello v1.0.2/go.mod h1:bq0XDisko2Q1x00cuy0vriyr9ojJcyg5qzr9CS17SF0=
